
Microsoft Visual Studio Solution File, Format Version 12.00
# Visual Studio Version 16
VisualStudioVersion = 16.0.31005.135
MinimumVisualStudioVersion = 10.0.40219.1
Project("{FAE04EC0-301F-11D3-BF4B-00C04F79EFBC}") = "MVCDotNetV1", "MVCDotNetV1\MVCDotNetV1.csproj", "{2093FF0B-93C6-4E73-862C-38E40B66581C}"
EndProject
Global
	GlobalSection(SolutionConfigurationPlatforms) = preSolution
		Debug|Any CPU = Debug|Any CPU
		Release|Any CPU = Release|Any CPU
	EndGlobalSection
	GlobalSection(ProjectConfigurationPlatforms) = postSolution
		{2093FF0B-93C6-4E73-862C-38E40B66581C}.Debug|Any CPU.ActiveCfg = Debug|Any CPU
		{2093FF0B-93C6-4E73-862C-38E40B66581C}.Debug|Any CPU.Build.0 = Debug|Any CPU
		{2093FF0B-93C6-4E73-862C-38E40B66581C}.Release|Any CPU.ActiveCfg = Release|Any CPU
		{2093FF0B-93C6-4E73-862C-38E40B66581C}.Release|Any CPU.Build.0 = Release|Any CPU
	EndGlobalSection
	GlobalSection(SolutionProperties) = preSolution
		HideSolutionNode = FALSE
	EndGlobalSection
	GlobalSection(ExtensibilityGlobals) = postSolution
		SolutionGuid = {E4C34E39-09D3-4637-9124-24BFCF09D91F}
	EndGlobalSection
EndGlobal
